// !$*UTF8*$!
{
	archiveVersion = 1;
	classes = {
	};
	objectVersion = 77;
	objects = {

/* Begin PBXBuildFile section */
		4CD4E3D72FC24809002CD11E /* MarkdownUI in Frameworks */ = {isa = PBXBuildFile; productRef = 4CD4E3D62FC24809002CD11E /* MarkdownUI */; };
/* End PBXBuildFile section */

/* Begin PBXContainerItemProxy section */
		4C589B342FC23FC00090853C /* PBXContainerItemProxy */ = {
			isa = PBXContainerItemProxy;
			containerPortal = 4C589B1E2FC23FBF0090853C /* Project object */;
			proxyType = 1;
			remoteGlobalIDString = 4C589B252FC23FBF0090853C;
			remoteInfo = Markus_v3;
		};
		4C589B3E2FC23FC00090853C /* PBXContainerItemProxy */ = {
			isa = PBXContainerItemProxy;
			containerPortal = 4C589B1E2FC23FBF0090853C /* Project object */;
			proxyType = 1;
			remoteGlobalIDString = 4C589B252FC23FBF0090853C;
			remoteInfo = Markus_v3;
		};
/* End PBXContainerItemProxy section */

/* Begin PBXFileReference section */
		4C589B262FC23FBF0090853C /* Markus_v3.app */ = {isa = PBXFileReference; explicitFileType = wrapper.application; includeInIndex = 0; path = Markus_v3.app; sourceTree = BUILT_PRODUCTS_DIR; };
		4C589B332FC23FC00090853C /* Markus_v3Tests.xctest */ = {isa = PBXFileReference; explicitFileType = wrapper.cfbundle; includeInIndex = 0; path = Markus_v3Tests.xctest; sourceTree = BUILT_PRODUCTS_DIR; };
		4C589B3D2FC23FC00090853C /* Markus_v3UITests.xctest */ = {isa = PBXFileReference; explicitFileType = wrapper.cfbundle; includeInIndex = 0; path = Markus_v3UITests.xctest; sourceTree = BUILT_PRODUCTS_DIR; };
		4CD4E3B82FC24546002CD11E /* CLAUDE.md */ = {isa = PBXFileReference; lastKnownFileType = net.daringfireball.markdown; path = CLAUDE.md; sourceTree = "<group>"; };
		4CD4E3B92FC24546002CD11E /* constitution.md */ = {isa = PBXFileReference; lastKnownFileType = net.daringfireball.markdown; path = constitution.md; sourceTree = "<group>"; };
		4CD4E3BA2FC24546002CD11E /* declaration.md */ = {isa = PBXFileReference; lastKnownFileType = net.daringfireball.markdown; path = declaration.md; sourceTree = "<group>"; };
		4CD4E3D32FC24546002CD11E /* README.md */ = {isa = PBXFileReference; lastKnownFileType = net.daringfireball.markdown; path = README.md; sourceTree = "<group>"; };
		4CD4E3D42FC24546002CD11E /* user-guide.md */ = {isa = PBXFileReference; lastKnownFileType = net.daringfireball.markdown; path = "user-guide.md"; sourceTree = "<group>"; };
/* End PBXFileReference section */

/* Begin PBXFileSystemSynchronizedBuildFileExceptionSet section */
		4C589B502FC23FC00090853C /* Exceptions for Markus_v3 */ = {
			isa = PBXFileSystemSynchronizedBuildFileExceptionSet;
			membershipExceptions = (
				"App/Info.plist",
			);
			target = 4C589B252FC23FBF0090853C /* Markus_v3 */;
		};
/* End PBXFileSystemSynchronizedBuildFileExceptionSet section */

/* Begin PBXFileSystemSynchronizedRootGroup section */
		4C589B282FC23FBF0090853C /* Markus_v3 */ = {
			isa = PBXFileSystemSynchronizedRootGroup;
			exceptions = (
				4C589B502FC23FC00090853C /* Exceptions for Markus_v3 */,
			);
			path = Markus_v3;
			sourceTree = "<group>";
		};
		4C589B362FC23FC00090853C /* Markus_v3Tests */ = {
			isa = PBXFileSystemSynchronizedRootGroup;
			path = Markus_v3Tests;
			sourceTree = "<group>";
		};
		4C589B402FC23FC00090853C /* Markus_v3UITests */ = {
			isa = PBXFileSystemSynchronizedRootGroup;
			path = Markus_v3UITests;
			sourceTree = "<group>";
		};
		4CD4E3D22FC24546002CD11E /* features */ = {
			isa = PBXFileSystemSynchronizedRootGroup;
			path = features;
			sourceTree = "<group>";
		};
/* End PBXFileSystemSynchronizedRootGroup section */

/* Begin PBXFrameworksBuildPhase section */
		4C589B232FC23FBF0090853C /* Frameworks */ = {
			isa = PBXFrameworksBuildPhase;
			buildActionMask = 2147483647;
			files = (
				4CD4E3D72FC24809002CD11E /* MarkdownUI in Frameworks */,
			);
			runOnlyForDeploymentPostprocessing = 0;
		};
		4C589B302FC23FC00090853C /* Frameworks */ = {
			isa = PBXFrameworksBuildPhase;
			buildActionMask = 2147483647;
			files = (
			);
			runOnlyForDeploymentPostprocessing = 0;
		};
		4C589B3A2FC23FC00090853C /* Frameworks */ = {
			isa = PBXFrameworksBuildPhase;
			buildActionMask = 2147483647;
			files = (
			);
			runOnlyForDeploymentPostprocessing = 0;
		};
/* End PBXFrameworksBuildPhase section */

/* Begin PBXGroup section */
		4C589B1D2FC23FBF0090853C = {
			isa = PBXGroup;
			children = (
				4CD4E3B82FC24546002CD11E /* CLAUDE.md */,
				4CD4E3B92FC24546002CD11E /* constitution.md */,
				4CD4E3BA2FC24546002CD11E /* declaration.md */,
				4CD4E3D22FC24546002CD11E /* features */,
				4CD4E3D32FC24546002CD11E /* README.md */,
				4CD4E3D42FC24546002CD11E /* user-guide.md */,
				4C589B282FC23FBF0090853C /* Markus_v3 */,
				4C589B362FC23FC00090853C /* Markus_v3Tests */,
				4C589B402FC23FC00090853C /* Markus_v3UITests */,
				4C589B272FC23FBF0090853C /* Products */,
			);
			sourceTree = "<group>";
		};
		4C589B272FC23FBF0090853C /* Products */ = {
			isa = PBXGroup;
			children = (
				4C589B262FC23FBF0090853C /* Markus_v3.app */,
				4C589B332FC23FC00090853C /* Markus_v3Tests.xctest */,
				4C589B3D2FC23FC00090853C /* Markus_v3UITests.xctest */,
			);
			name = Products;
			sourceTree = "<group>";
		};
/* End PBXGroup section */

/* Begin PBXNativeTarget section */
		4C589B252FC23FBF0090853C /* Markus_v3 */ = {
			isa = PBXNativeTarget;
			buildConfigurationList = 4C589B472FC23FC00090853C /* Build configuration list for PBXNativeTarget "Markus_v3" */;
			buildPhases = (
				4C589B222FC23FBF0090853C /* Sources */,
				4C589B232FC23FBF0090853C /* Frameworks */,
				4C589B242FC23FBF0090853C /* Resources */,
			);
			buildRules = (
			);
			dependencies = (
			);
			fileSystemSynchronizedGroups = (
				4C589B282FC23FBF0090853C /* Markus_v3 */,
			);
			name = Markus_v3;
			packageProductDependencies = (
				4CD4E3D62FC24809002CD11E /* MarkdownUI */,
			);
			productName = Markus_v3;
			productReference = 4C589B262FC23FBF0090853C /* Markus_v3.app */;
			productType = "com.apple.product-type.application";
		};
		4C589B322FC23FC00090853C /* Markus_v3Tests */ = {
			isa = PBXNativeTarget;
			buildConfigurationList = 4C589B4A2FC23FC00090853C /* Build configuration list for PBXNativeTarget "Markus_v3Tests" */;
			buildPhases = (
				4C589B2F2FC23FC00090853C /* Sources */,
				4C589B302FC23FC00090853C /* Frameworks */,
				4C589B312FC23FC00090853C /* Resources */,
			);
			buildRules = (
			);
			dependencies = (
				4C589B352FC23FC00090853C /* PBXTargetDependency */,
			);
			fileSystemSynchronizedGroups = (
				4C589B362FC23FC00090853C /* Markus_v3Tests */,
			);
			name = Markus_v3Tests;
			packageProductDependencies = (
			);
			productName = Markus_v3Tests;
			productReference = 4C589B332FC23FC00090853C /* Markus_v3Tests.xctest */;
			productType = "com.apple.product-type.bundle.unit-test";
		};
		4C589B3C2FC23FC00090853C /* Markus_v3UITests */ = {
			isa = PBXNativeTarget;
			buildConfigurationList = 4C589B4D2FC23FC00090853C /* Build configuration list for PBXNativeTarget "Markus_v3UITests" */;
			buildPhases = (
				4C589B392FC23FC00090853C /* Sources */,
				4C589B3A2FC23FC00090853C /* Frameworks */,
				4C589B3B2FC23FC00090853C /* Resources */,
			);
			buildRules = (
			);
			dependencies = (
				4C589B3F2FC23FC00090853C /* PBXTargetDependency */,
			);
			fileSystemSynchronizedGroups = (
				4C589B402FC23FC00090853C /* Markus_v3UITests */,
			);
			name = Markus_v3UITests;
			packageProductDependencies = (
			);
			productName = Markus_v3UITests;
			productReference = 4C589B3D2FC23FC00090853C /* Markus_v3UITests.xctest */;
			productType = "com.apple.product-type.bundle.ui-testing";
		};
/* End PBXNativeTarget section */

/* Begin PBXProject section */
		4C589B1E2FC23FBF0090853C /* Project object */ = {
			isa = PBXProject;
			attributes = {
				BuildIndependentTargetsInParallel = 1;
				LastSwiftUpdateCheck = 2650;
				LastUpgradeCheck = 2650;
				TargetAttributes = {
					4C589B252FC23FBF0090853C = {
						CreatedOnToolsVersion = 26.5;
					};
					4C589B322FC23FC00090853C = {
						CreatedOnToolsVersion = 26.5;
						TestTargetID = 4C589B252FC23FBF0090853C;
					};
					4C589B3C2FC23FC00090853C = {
						CreatedOnToolsVersion = 26.5;
						TestTargetID = 4C589B252FC23FBF0090853C;
					};
				};
			};
			buildConfigurationList = 4C589B212FC23FBF0090853C /* Build configuration list for PBXProject "Markus_v3" */;
			developmentRegion = en;
			hasScannedForEncodings = 0;
			knownRegions = (
				en,
				Base,
			);
			mainGroup = 4C589B1D2FC23FBF0090853C;
			minimizedProjectReferenceProxies = 1;
			packageReferences = (
				4CD4E3D52FC24808002CD11E /* XCRemoteSwiftPackageReference "swift-markdown-ui" */,
			);
			preferredProjectObjectVersion = 77;
			productRefGroup = 4C589B272FC23FBF0090853C /* Products */;
			projectDirPath = "";
			projectRoot = "";
			targets = (
				4C589B252FC23FBF0090853C /* Markus_v3 */,
				4C589B322FC23FC00090853C /* Markus_v3Tests */,
				4C589B3C2FC23FC00090853C /* Markus_v3UITests */,
			);
		};
/* End PBXProject section */

/* Begin PBXResourcesBuildPhase section */
		4C589B242FC23FBF0090853C /* Resources */ = {
			isa = PBXResourcesBuildPhase;
			buildActionMask = 2147483647;
			files = (
			);
			runOnlyForDeploymentPostprocessing = 0;
		};
		4C589B312FC23FC00090853C /* Resources */ = {
			isa = PBXResourcesBuildPhase;
			buildActionMask = 2147483647;
			files = (
			);
			runOnlyForDeploymentPostprocessing = 0;
		};
		4C589B3B2FC23FC00090853C /* Resources */ = {
			isa = PBXResourcesBuildPhase;
			buildActionMask = 2147483647;
			files = (
			);
			runOnlyForDeploymentPostprocessing = 0;
		};
/* End PBXResourcesBuildPhase section */

/* Begin PBXSourcesBuildPhase section */
		4C589B222FC23FBF0090853C /* Sources */ = {
			isa = PBXSourcesBuildPhase;
			buildActionMask = 2147483647;
			files = (
			);
			runOnlyForDeploymentPostprocessing = 0;
		};
		4C589B2F2FC23FC00090853C /* Sources */ = {
			isa = PBXSourcesBuildPhase;
			buildActionMask = 2147483647;
			files = (
			);
			runOnlyForDeploymentPostprocessing = 0;
		};
		4C589B392FC23FC00090853C /* Sources */ = {
			isa = PBXSourcesBuildPhase;
			buildActionMask = 2147483647;
			files = (
			);
			runOnlyForDeploymentPostprocessing = 0;
		};
/* End PBXSourcesBuildPhase section */

/* Begin PBXTargetDependency section */
		4C589B352FC23FC00090853C /* PBXTargetDependency */ = {
			isa = PBXTargetDependency;
			target = 4C589B252FC23FBF0090853C /* Markus_v3 */;
			targetProxy = 4C589B342FC23FC00090853C /* PBXContainerItemProxy */;
		};
		4C589B3F2FC23FC00090853C /* PBXTargetDependency */ = {
			isa = PBXTargetDependency;
			target = 4C589B252FC23FBF0090853C /* Markus_v3 */;
			targetProxy = 4C589B3E2FC23FC00090853C /* PBXContainerItemProxy */;
		};
/* End PBXTargetDependency section */

/* Begin XCBuildConfiguration section */
		4C589B452FC23FC00090853C /* Debug */ = {
			isa = XCBuildConfiguration;
			buildSettings = {
				ALWAYS_SEARCH_USER_PATHS = NO;
				ASSETCATALOG_COMPILER_GENERATE_SWIFT_ASSET_SYMBOL_EXTENSIONS = YES;
				CLANG_ANALYZER_NONNULL = YES;
				CLANG_ANALYZER_NUMBER_OBJECT_CONVERSION = YES_AGGRESSIVE;
				CLANG_CXX_LANGUAGE_STANDARD = "gnu++20";
				CLANG_ENABLE_MODULES = YES;
				CLANG_ENABLE_OBJC_ARC = YES;
				CLANG_ENABLE_OBJC_WEAK = YES;
				CLANG_WARN_BLOCK_CAPTURE_AUTORELEASING = YES;
				CLANG_WARN_BOOL_CONVERSION = YES;
				CLANG_WARN_COMMA = YES;
				CLANG_WARN_CONSTANT_CONVERSION = YES;
				CLANG_WARN_DEPRECATED_OBJC_IMPLEMENTATIONS = YES;
				CLANG_WARN_DIRECT_OBJC_ISA_USAGE = YES_ERROR;
				CLANG_WARN_DOCUMENTATION_COMMENTS = YES;
				CLANG_WARN_EMPTY_BODY = YES;
				CLANG_WARN_ENUM_CONVERSION = YES;
				CLANG_WARN_INFINITE_RECURSION = YES;
				CLANG_WARN_INT_CONVERSION = YES;
				CLANG_WARN_NON_LITERAL_NULL_CONVERSION = YES;
				CLANG_WARN_OBJC_IMPLICIT_RETAIN_SELF = YES;
				CLANG_WARN_OBJC_LITERAL_CONVERSION = YES;
				CLANG_WARN_OBJC_ROOT_CLASS = YES_ERROR;
				CLANG_WARN_QUOTED_INCLUDE_IN_FRAMEWORK_HEADER = YES;
				CLANG_WARN_RANGE_LOOP_ANALYSIS = YES;
				CLANG_WARN_STRICT_PROTOTYPES = YES;
				CLANG_WARN_SUSPICIOUS_MOVE = YES;
				CLANG_WARN_UNGUARDED_AVAILABILITY = YES_AGGRESSIVE;
				CLANG_WARN_UNREACHABLE_CODE = YES;
				CLANG_WARN__DUPLICATE_METHOD_MATCH = YES;
				COPY_PHASE_STRIP = NO;
				DEBUG_INFORMATION_FORMAT = dwarf;
				DEVELOPMENT_TEAM = 27L4Z38C2M;
				ENABLE_STRICT_OBJC_MSGSEND = YES;
				ENABLE_TESTABILITY = YES;
				ENABLE_USER_SCRIPT_SANDBOXING = YES;
				GCC_C_LANGUAGE_STANDARD = gnu17;
				GCC_DYNAMIC_NO_PIC = NO;
				GCC_NO_COMMON_BLOCKS = YES;
				GCC_OPTIMIZATION_LEVEL = 0;
				GCC_PREPROCESSOR_DEFINITIONS = (
					"DEBUG=1",
					"$(inherited)",
				);
				GCC_WARN_64_TO_32_BIT_CONVERSION = YES;
				GCC_WARN_ABOUT_RETURN_TYPE = YES_ERROR;
				GCC_WARN_UNDECLARED_SELECTOR = YES;
				GCC_WARN_UNINITIALIZED_AUTOS = YES_AGGRESSIVE;
				GCC_WARN_UNUSED_FUNCTION = YES;
				GCC_WARN_UNUSED_VARIABLE = YES;
				LOCALIZATION_PREFERS_STRING_CATALOGS = YES;
				MTL_ENABLE_DEBUG_INFO = INCLUDE_SOURCE;
				MTL_FAST_MATH = YES;
				ONLY_ACTIVE_ARCH = YES;
				SWIFT_ACTIVE_COMPILATION_CONDITIONS = "DEBUG $(inherited)";
				SWIFT_OPTIMIZATION_LEVEL = "-Onone";
			};
			name = Debug;
		};
		4C589B462FC23FC00090853C /* Release */ = {
			isa = XCBuildConfiguration;
			buildSettings = {
				ALWAYS_SEARCH_USER_PATHS = NO;
				ASSETCATALOG_COMPILER_GENERATE_SWIFT_ASSET_SYMBOL_EXTENSIONS = YES;
				CLANG_ANALYZER_NONNULL = YES;
				CLANG_ANALYZER_NUMBER_OBJECT_CONVERSION = YES_AGGRESSIVE;
				CLANG_CXX_LANGUAGE_STANDARD = "gnu++20";
				CLANG_ENABLE_MODULES = YES;
				CLANG_ENABLE_OBJC_ARC = YES;
				CLANG_ENABLE_OBJC_WEAK = YES;
				CLANG_WARN_BLOCK_CAPTURE_AUTORELEASING = YES;
				CLANG_WARN_BOOL_CONVERSION = YES;
				CLANG_WARN_COMMA = YES;
				CLANG_WARN_CONSTANT_CONVERSION = YES;
				CLANG_WARN_DEPRECATED_OBJC_IMPLEMENTATIONS = YES;
				CLANG_WARN_DIRECT_OBJC_ISA_USAGE = YES_ERROR;
				CLANG_WARN_DOCUMENTATION_COMMENTS = YES;
				CLANG_WARN_EMPTY_BODY = YES;
				CLANG_WARN_ENUM_CONVERSION = YES;
				CLANG_WARN_INFINITE_RECURSION = YES;
				CLANG_WARN_INT_CONVERSION = YES;
				CLANG_WARN_NON_LITERAL_NULL_CONVERSION = YES;
				CLANG_WARN_OBJC_IMPLICIT_RETAIN_SELF = YES;
				CLANG_WARN_OBJC_LITERAL_CONVERSION = YES;
				CLANG_WARN_OBJC_ROOT_CLASS = YES_ERROR;
				CLANG_WARN_QUOTED_INCLUDE_IN_FRAMEWORK_HEADER = YES;
				CLANG_WARN_RANGE_LOOP_ANALYSIS = YES;
				CLANG_WARN_STRICT_PROTOTYPES = YES;
				CLANG_WARN_SUSPICIOUS_MOVE = YES;
				CLANG_WARN_UNGUARDED_AVAILABILITY = YES_AGGRESSIVE;
				CLANG_WARN_UNREACHABLE_CODE = YES;
				CLANG_WARN__DUPLICATE_METHOD_MATCH = YES;
				COPY_PHASE_STRIP = NO;
				DEBUG_INFORMATION_FORMAT = "dwarf-with-dsym";
				DEVELOPMENT_TEAM = 27L4Z38C2M;
				ENABLE_NS_ASSERTIONS = NO;
				ENABLE_STRICT_OBJC_MSGSEND = YES;
				ENABLE_USER_SCRIPT_SANDBOXING = YES;
				GCC_C_LANGUAGE_STANDARD = gnu17;
				GCC_NO_COMMON_BLOCKS = YES;
				GCC_WARN_64_TO_32_BIT_CONVERSION = YES;
				GCC_WARN_ABOUT_RETURN_TYPE = YES_ERROR;
				GCC_WARN_UNDECLARED_SELECTOR = YES;
				GCC_WARN_UNINITIALIZED_AUTOS = YES_AGGRESSIVE;
				GCC_WARN_UNUSED_FUNCTION = YES;
				GCC_WARN_UNUSED_VARIABLE = YES;
				LOCALIZATION_PREFERS_STRING_CATALOGS = YES;
				MTL_ENABLE_DEBUG_INFO = NO;
				MTL_FAST_MATH = YES;
				SWIFT_COMPILATION_MODE = wholemodule;
			};
			name = Release;
		};
		4C589B482FC23FC00090853C /* Debug */ = {
			isa = XCBuildConfiguration;
			buildSettings = {
				ASSETCATALOG_COMPILER_APPICON_NAME = AppIcon;
				ASSETCATALOG_COMPILER_GLOBAL_ACCENT_COLOR_NAME = AccentColor;
				CODE_SIGN_STYLE = Automatic;
				CURRENT_PROJECT_VERSION = 1;
				DEVELOPMENT_TEAM = 27L4Z38C2M;
				ENABLE_APP_SANDBOX = YES;
				ENABLE_HARDENED_RUNTIME = YES;
				ENABLE_PREVIEWS = YES;
				ENABLE_USER_SELECTED_FILES = readwrite;
				GENERATE_INFOPLIST_FILE = NO;
				INFOPLIST_FILE = Markus_v3/App/Info.plist;
				IPHONEOS_DEPLOYMENT_TARGET = 18.0;
				LD_RUNPATH_SEARCH_PATHS = "@executable_path/Frameworks";
				"LD_RUNPATH_SEARCH_PATHS[sdk=macosx*]" = "@executable_path/../Frameworks";
				MACOSX_DEPLOYMENT_TARGET = 26.4;
				MARKETING_VERSION = 1.0;
				PRODUCT_BUNDLE_IDENTIFIER = "com.evehwang.Markus-v3";
				PRODUCT_NAME = "$(TARGET_NAME)";
				REGISTER_APP_GROUPS = YES;
				SDKROOT = auto;
				STRING_CATALOG_GENERATE_SYMBOLS = YES;
				SUPPORTED_PLATFORMS = "iphoneos iphonesimulator";
				SUPPORTS_MACCATALYST = NO;
				SWIFT_APPROACHABLE_CONCURRENCY = YES;
				SWIFT_DEFAULT_ACTOR_ISOLATION = MainActor;
				SWIFT_EMIT_LOC_STRINGS = YES;
				SWIFT_UPCOMING_FEATURE_MEMBER_IMPORT_VISIBILITY = YES;
				SWIFT_VERSION = 5.0;
				TARGETED_DEVICE_FAMILY = 1;
				XROS_DEPLOYMENT_TARGET = 26.5;
			};
			name = Debug;
		};
		4C589B492FC23FC00090853C /* Release */ = {
			isa = XCBuildConfiguration;
			buildSettings = {
				ASSETCATALOG_COMPILER_APPICON_NAME = AppIcon;
				ASSETCATALOG_COMPILER_GLOBAL_ACCENT_COLOR_NAME = AccentColor;
				CODE_SIGN_STYLE = Automatic;
				CURRENT_PROJECT_VERSION = 1;
				DEVELOPMENT_TEAM = 27L4Z38C2M;
				ENABLE_APP_SANDBOX = YES;
				ENABLE_HARDENED_RUNTIME = YES;
				ENABLE_PREVIEWS = YES;
				ENABLE_USER_SELECTED_FILES = readwrite;
				GENERATE_INFOPLIST_FILE = NO;
				INFOPLIST_FILE = Markus_v3/App/Info.plist;
				IPHONEOS_DEPLOYMENT_TARGET = 18.0;
				LD_RUNPATH_SEARCH_PATHS = "@executable_path/Frameworks";
				"LD_RUNPATH_SEARCH_PATHS[sdk=macosx*]" = "@executable_path/../Frameworks";
				MACOSX_DEPLOYMENT_TARGET = 26.4;
				MARKETING_VERSION = 1.0;
				PRODUCT_BUNDLE_IDENTIFIER = "com.evehwang.Markus-v3";
				PRODUCT_NAME = "$(TARGET_NAME)";
				REGISTER_APP_GROUPS = YES;
				SDKROOT = auto;
				STRING_CATALOG_GENERATE_SYMBOLS = YES;
				SUPPORTED_PLATFORMS = "iphoneos iphonesimulator";
				SUPPORTS_MACCATALYST = NO;
				SWIFT_APPROACHABLE_CONCURRENCY = YES;
				SWIFT_DEFAULT_ACTOR_ISOLATION = MainActor;
				SWIFT_EMIT_LOC_STRINGS = YES;
				SWIFT_UPCOMING_FEATURE_MEMBER_IMPORT_VISIBILITY = YES;
				SWIFT_VERSION = 5.0;
				TARGETED_DEVICE_FAMILY = 1;
				XROS_DEPLOYMENT_TARGET = 26.5;
			};
			name = Release;
		};
		4C589B4B2FC23FC00090853C /* Debug */ = {
			isa = XCBuildConfiguration;
			buildSettings = {
				BUNDLE_LOADER = "$(TEST_HOST)";
				CODE_SIGN_STYLE = Automatic;
				CURRENT_PROJECT_VERSION = 1;
				DEVELOPMENT_TEAM = 27L4Z38C2M;
				GENERATE_INFOPLIST_FILE = YES;
				IPHONEOS_DEPLOYMENT_TARGET = 18.0;
				MACOSX_DEPLOYMENT_TARGET = 26.4;
				MARKETING_VERSION = 1.0;
				PRODUCT_BUNDLE_IDENTIFIER = "com.evehwang.Markus-v3Tests";
				PRODUCT_NAME = "$(TARGET_NAME)";
				SDKROOT = auto;
				STRING_CATALOG_GENERATE_SYMBOLS = NO;
				SUPPORTED_PLATFORMS = "iphoneos iphonesimulator";
				SUPPORTS_MACCATALYST = NO;
				SWIFT_APPROACHABLE_CONCURRENCY = YES;
				SWIFT_EMIT_LOC_STRINGS = NO;
				SWIFT_UPCOMING_FEATURE_MEMBER_IMPORT_VISIBILITY = YES;
				SWIFT_VERSION = 5.0;
				TARGETED_DEVICE_FAMILY = 1;
				TEST_HOST = "$(BUILT_PRODUCTS_DIR)/Markus_v3.app/$(BUNDLE_EXECUTABLE_FOLDER_PATH)/Markus_v3";
				XROS_DEPLOYMENT_TARGET = 26.5;
			};
			name = Debug;
		};
		4C589B4C2FC23FC00090853C /* Release */ = {
			isa = XCBuildConfiguration;
			buildSettings = {
				BUNDLE_LOADER = "$(TEST_HOST)";
				CODE_SIGN_STYLE = Automatic;
				CURRENT_PROJECT_VERSION = 1;
				DEVELOPMENT_TEAM = 27L4Z38C2M;
				GENERATE_INFOPLIST_FILE = YES;
				IPHONEOS_DEPLOYMENT_TARGET = 18.0;
				MACOSX_DEPLOYMENT_TARGET = 26.4;
				MARKETING_VERSION = 1.0;
				PRODUCT_BUNDLE_IDENTIFIER = "com.evehwang.Markus-v3Tests";
				PRODUCT_NAME = "$(TARGET_NAME)";
				SDKROOT = auto;
				STRING_CATALOG_GENERATE_SYMBOLS = NO;
				SUPPORTED_PLATFORMS = "iphoneos iphonesimulator";
				SUPPORTS_MACCATALYST = NO;
				SWIFT_APPROACHABLE_CONCURRENCY = YES;
				SWIFT_EMIT_LOC_STRINGS = NO;
				SWIFT_UPCOMING_FEATURE_MEMBER_IMPORT_VISIBILITY = YES;
				SWIFT_VERSION = 5.0;
				TARGETED_DEVICE_FAMILY = 1;
				TEST_HOST = "$(BUILT_PRODUCTS_DIR)/Markus_v3.app/$(BUNDLE_EXECUTABLE_FOLDER_PATH)/Markus_v3";
				XROS_DEPLOYMENT_TARGET = 26.5;
			};
			name = Release;
		};
		4C589B4E2FC23FC00090853C /* Debug */ = {
			isa = XCBuildConfiguration;
			buildSettings = {
				CODE_SIGN_STYLE = Automatic;
				CURRENT_PROJECT_VERSION = 1;
				DEVELOPMENT_TEAM = 27L4Z38C2M;
				GENERATE_INFOPLIST_FILE = YES;
				IPHONEOS_DEPLOYMENT_TARGET = 18.0;
				MACOSX_DEPLOYMENT_TARGET = 26.4;
				MARKETING_VERSION = 1.0;
				PRODUCT_BUNDLE_IDENTIFIER = "com.evehwang.Markus-v3UITests";
				PRODUCT_NAME = "$(TARGET_NAME)";
				SDKROOT = auto;
				STRING_CATALOG_GENERATE_SYMBOLS = NO;
				SUPPORTED_PLATFORMS = "iphoneos iphonesimulator";
				SUPPORTS_MACCATALYST = NO;
				SWIFT_APPROACHABLE_CONCURRENCY = YES;
				SWIFT_EMIT_LOC_STRINGS = NO;
				SWIFT_UPCOMING_FEATURE_MEMBER_IMPORT_VISIBILITY = YES;
				SWIFT_VERSION = 5.0;
				TARGETED_DEVICE_FAMILY = 1;
				TEST_TARGET_NAME = Markus_v3;
				XROS_DEPLOYMENT_TARGET = 26.5;
			};
			name = Debug;
		};
		4C589B4F2FC23FC00090853C /* Release */ = {
			isa = XCBuildConfiguration;
			buildSettings = {
				CODE_SIGN_STYLE = Automatic;
				CURRENT_PROJECT_VERSION = 1;
				DEVELOPMENT_TEAM = 27L4Z38C2M;
				GENERATE_INFOPLIST_FILE = YES;
				IPHONEOS_DEPLOYMENT_TARGET = 18.0;
				MACOSX_DEPLOYMENT_TARGET = 26.4;
				MARKETING_VERSION = 1.0;
				PRODUCT_BUNDLE_IDENTIFIER = "com.evehwang.Markus-v3UITests";
				PRODUCT_NAME = "$(TARGET_NAME)";
				SDKROOT = auto;
				STRING_CATALOG_GENERATE_SYMBOLS = NO;
				SUPPORTED_PLATFORMS = "iphoneos iphonesimulator";
				SUPPORTS_MACCATALYST = NO;
				SWIFT_APPROACHABLE_CONCURRENCY = YES;
				SWIFT_EMIT_LOC_STRINGS = NO;
				SWIFT_UPCOMING_FEATURE_MEMBER_IMPORT_VISIBILITY = YES;
				SWIFT_VERSION = 5.0;
				TARGETED_DEVICE_FAMILY = 1;
				TEST_TARGET_NAME = Markus_v3;
				XROS_DEPLOYMENT_TARGET = 26.5;
			};
			name = Release;
		};
/* End XCBuildConfiguration section */

/* Begin XCConfigurationList section */
		4C589B212FC23FBF0090853C /* Build configuration list for PBXProject "Markus_v3" */ = {
			isa = XCConfigurationList;
			buildConfigurations = (
				4C589B452FC23FC00090853C /* Debug */,
				4C589B462FC23FC00090853C /* Release */,
			);
			defaultConfigurationIsVisible = 0;
			defaultConfigurationName = Release;
		};
		4C589B472FC23FC00090853C /* Build configuration list for PBXNativeTarget "Markus_v3" */ = {
			isa = XCConfigurationList;
			buildConfigurations = (
				4C589B482FC23FC00090853C /* Debug */,
				4C589B492FC23FC00090853C /* Release */,
			);
			defaultConfigurationIsVisible = 0;
			defaultConfigurationName = Release;
		};
		4C589B4A2FC23FC00090853C /* Build configuration list for PBXNativeTarget "Markus_v3Tests" */ = {
			isa = XCConfigurationList;
			buildConfigurations = (
				4C589B4B2FC23FC00090853C /* Debug */,
				4C589B4C2FC23FC00090853C /* Release */,
			);
			defaultConfigurationIsVisible = 0;
			defaultConfigurationName = Release;
		};
		4C589B4D2FC23FC00090853C /* Build configuration list for PBXNativeTarget "Markus_v3UITests" */ = {
			isa = XCConfigurationList;
			buildConfigurations = (
				4C589B4E2FC23FC00090853C /* Debug */,
				4C589B4F2FC23FC00090853C /* Release */,
			);
			defaultConfigurationIsVisible = 0;
			defaultConfigurationName = Release;
		};
/* End XCConfigurationList section */

/* Begin XCRemoteSwiftPackageReference section */
		4CD4E3D52FC24808002CD11E /* XCRemoteSwiftPackageReference "swift-markdown-ui" */ = {
			isa = XCRemoteSwiftPackageReference;
			repositoryURL = "https://github.com/gonzalezreal/swift-markdown-ui";
			requirement = {
				kind = upToNextMinorVersion;
				minimumVersion = 2.4.0;
			};
		};
/* End XCRemoteSwiftPackageReference section */

/* Begin XCSwiftPackageProductDependency section */
		4CD4E3D62FC24809002CD11E /* MarkdownUI */ = {
			isa = XCSwiftPackageProductDependency;
			package = 4CD4E3D52FC24808002CD11E /* XCRemoteSwiftPackageReference "swift-markdown-ui" */;
			productName = MarkdownUI;
		};
/* End XCSwiftPackageProductDependency section */
	};
	rootObject = 4C589B1E2FC23FBF0090853C /* Project object */;
}
